
Microsoft Visual Studio Solution File, Format Version 12.00
# Visual Studio Version 17
Project("{2150E333-8FDC-42A3-9474-1A3956D46DE8}") = "CMakePredefinedTargets", "CMakePredefinedTargets", "{F5084FE6-76A7-3ACE-AA6B-41BB29901703}"
EndProject
Project("{8BC9CEB8-8B4A-11D0-8D11-00A0C91BC942}") = "CSC8508", "CSC8508\CSC8508.vcxproj", "{192A4B63-B707-38A2-A9F0-02D4BA5DFA6F}"
	ProjectSection(ProjectDependencies) = postProject
		{BF576888-31A0-31DE-9C6C-7E905EE9758A} = {BF576888-31A0-31DE-9C6C-7E905EE9758A}
		{FDDC2525-ED27-3B40-8FD0-4538D0995CB3} = {FDDC2525-ED27-3B40-8FD0-4538D0995CB3}
		{3DBD3822-F4FA-3282-8222-FC82852A023D} = {3DBD3822-F4FA-3282-8222-FC82852A023D}
		{7B227048-F38B-3E57-8DB8-AEF5C2753876} = {7B227048-F38B-3E57-8DB8-AEF5C2753876}
	EndProjectSection
EndProject
Project("{8BC9CEB8-8B4A-11D0-8D11-00A0C91BC942}") = "ALL_BUILD", "ALL_BUILD.vcxproj", "{D472A0DD-60ED-3ED0-BF5B-32BDB252396A}"
	ProjectSection(ProjectDependencies) = postProject
		{192A4B63-B707-38A2-A9F0-02D4BA5DFA6F} = {192A4B63-B707-38A2-A9F0-02D4BA5DFA6F}
		{BF576888-31A0-31DE-9C6C-7E905EE9758A} = {BF576888-31A0-31DE-9C6C-7E905EE9758A}
		{DC947DBE-D63F-3285-BA16-D5CA5B835FE2} = {DC947DBE-D63F-3285-BA16-D5CA5B835FE2}
		{FDDC2525-ED27-3B40-8FD0-4538D0995CB3} = {FDDC2525-ED27-3B40-8FD0-4538D0995CB3}
		{3DBD3822-F4FA-3282-8222-FC82852A023D} = {3DBD3822-F4FA-3282-8222-FC82852A023D}
		{7B227048-F38B-3E57-8DB8-AEF5C2753876} = {7B227048-F38B-3E57-8DB8-AEF5C2753876}
	EndProjectSection
EndProject
Project("{8BC9CEB8-8B4A-11D0-8D11-00A0C91BC942}") = "CSC8508CoreClasses", "CSC8508CoreClasses\CSC8508CoreClasses.vcxproj", "{BF576888-31A0-31DE-9C6C-7E905EE9758A}"
	ProjectSection(ProjectDependencies) = postProject
		{7B227048-F38B-3E57-8DB8-AEF5C2753876} = {7B227048-F38B-3E57-8DB8-AEF5C2753876}
	EndProjectSection
EndProject
Project("{8BC9CEB8-8B4A-11D0-8D11-00A0C91BC942}") = "Event", "Event\Event.vcxproj", "{DC947DBE-D63F-3285-BA16-D5CA5B835FE2}"
	ProjectSection(ProjectDependencies) = postProject
		{FDDC2525-ED27-3B40-8FD0-4538D0995CB3} = {FDDC2525-ED27-3B40-8FD0-4538D0995CB3}
		{7B227048-F38B-3E57-8DB8-AEF5C2753876} = {7B227048-F38B-3E57-8DB8-AEF5C2753876}
	EndProjectSection
EndProject
Project("{8BC9CEB8-8B4A-11D0-8D11-00A0C91BC942}") = "NCLCoreClasses", "NCLCoreClasses\NCLCoreClasses.vcxproj", "{FDDC2525-ED27-3B40-8FD0-4538D0995CB3}"
	ProjectSection(ProjectDependencies) = postProject
		{7B227048-F38B-3E57-8DB8-AEF5C2753876} = {7B227048-F38B-3E57-8DB8-AEF5C2753876}
	EndProjectSection
EndProject
Project("{8BC9CEB8-8B4A-11D0-8D11-00A0C91BC942}") = "OpenGLRendering", "OpenGLRendering\OpenGLRendering.vcxproj", "{3DBD3822-F4FA-3282-8222-FC82852A023D}"
	ProjectSection(ProjectDependencies) = postProject
		{FDDC2525-ED27-3B40-8FD0-4538D0995CB3} = {FDDC2525-ED27-3B40-8FD0-4538D0995CB3}
		{7B227048-F38B-3E57-8DB8-AEF5C2753876} = {7B227048-F38B-3E57-8DB8-AEF5C2753876}
	EndProjectSection
EndProject
Project("{8BC9CEB8-8B4A-11D0-8D11-00A0C91BC942}") = "ZERO_CHECK", "ZERO_CHECK.vcxproj", "{7B227048-F38B-3E57-8DB8-AEF5C2753876}"
	ProjectSection(ProjectDependencies) = postProject
	EndProjectSection
EndProject
Global
	GlobalSection(SolutionConfigurationPlatforms) = preSolution
		Debug|x64 = Debug|x64
		Release|x64 = Release|x64
	EndGlobalSection
	GlobalSection(ProjectConfigurationPlatforms) = postSolution
		{192A4B63-B707-38A2-A9F0-02D4BA5DFA6F}.Debug|x64.ActiveCfg = Debug|x64
		{192A4B63-B707-38A2-A9F0-02D4BA5DFA6F}.Debug|x64.Build.0 = Debug|x64
		{192A4B63-B707-38A2-A9F0-02D4BA5DFA6F}.Release|x64.ActiveCfg = Release|x64
		{192A4B63-B707-38A2-A9F0-02D4BA5DFA6F}.Release|x64.Build.0 = Release|x64
		{D472A0DD-60ED-3ED0-BF5B-32BDB252396A}.Debug|x64.ActiveCfg = Debug|x64
		{D472A0DD-60ED-3ED0-BF5B-32BDB252396A}.Release|x64.ActiveCfg = Release|x64
		{BF576888-31A0-31DE-9C6C-7E905EE9758A}.Debug|x64.ActiveCfg = Debug|x64
		{BF576888-31A0-31DE-9C6C-7E905EE9758A}.Debug|x64.Build.0 = Debug|x64
		{BF576888-31A0-31DE-9C6C-7E905EE9758A}.Release|x64.ActiveCfg = Release|x64
		{BF576888-31A0-31DE-9C6C-7E905EE9758A}.Release|x64.Build.0 = Release|x64
		{DC947DBE-D63F-3285-BA16-D5CA5B835FE2}.Debug|x64.ActiveCfg = Debug|x64
		{DC947DBE-D63F-3285-BA16-D5CA5B835FE2}.Debug|x64.Build.0 = Debug|x64
		{DC947DBE-D63F-3285-BA16-D5CA5B835FE2}.Release|x64.ActiveCfg = Release|x64
		{DC947DBE-D63F-3285-BA16-D5CA5B835FE2}.Release|x64.Build.0 = Release|x64
		{FDDC2525-ED27-3B40-8FD0-4538D0995CB3}.Debug|x64.ActiveCfg = Debug|x64
		{FDDC2525-ED27-3B40-8FD0-4538D0995CB3}.Debug|x64.Build.0 = Debug|x64
		{FDDC2525-ED27-3B40-8FD0-4538D0995CB3}.Release|x64.ActiveCfg = Release|x64
		{FDDC2525-ED27-3B40-8FD0-4538D0995CB3}.Release|x64.Build.0 = Release|x64
		{3DBD3822-F4FA-3282-8222-FC82852A023D}.Debug|x64.ActiveCfg = Debug|x64
		{3DBD3822-F4FA-3282-8222-FC82852A023D}.Debug|x64.Build.0 = Debug|x64
		{3DBD3822-F4FA-3282-8222-FC82852A023D}.Release|x64.ActiveCfg = Release|x64
		{3DBD3822-F4FA-3282-8222-FC82852A023D}.Release|x64.Build.0 = Release|x64
		{7B227048-F38B-3E57-8DB8-AEF5C2753876}.Debug|x64.ActiveCfg = Debug|x64
		{7B227048-F38B-3E57-8DB8-AEF5C2753876}.Debug|x64.Build.0 = Debug|x64
		{7B227048-F38B-3E57-8DB8-AEF5C2753876}.Release|x64.ActiveCfg = Release|x64
		{7B227048-F38B-3E57-8DB8-AEF5C2753876}.Release|x64.Build.0 = Release|x64
	EndGlobalSection
	GlobalSection(NestedProjects) = preSolution
		{D472A0DD-60ED-3ED0-BF5B-32BDB252396A} = {F5084FE6-76A7-3ACE-AA6B-41BB29901703}
		{7B227048-F38B-3E57-8DB8-AEF5C2753876} = {F5084FE6-76A7-3ACE-AA6B-41BB29901703}
	EndGlobalSection
	GlobalSection(ExtensibilityGlobals) = postSolution
		SolutionGuid = {C1946BCC-7231-3E3E-9231-96BFBC7F09CB}
	EndGlobalSection
	GlobalSection(ExtensibilityAddIns) = postSolution
	EndGlobalSection
EndGlobal
