<?xml version="1.0" encoding="utf-8"?>
<Project ToolsVersion="17.0" xmlns="http://schemas.microsoft.com/developer/msbuild/2003">
  <ItemGroup>
    <ClCompile Include="C:\Users\12022\Desktop\作业\CSC8503 Code 2024\CSC8508\Event\ignoreMe.cpp">
      <Filter>Source Files</Filter>
    </ClCompile>
  </ItemGroup>
  <ItemGroup>
    <ClInclude Include="C:\Users\12022\Desktop\作业\CSC8503 Code 2024\CSC8508\Event\CancellableEvent.h">
      <Filter>Header Files</Filter>
    </ClInclude>
    <ClInclude Include="C:\Users\12022\Desktop\作业\CSC8503 Code 2024\CSC8508\Event\Event.h">
      <Filter>Header Files</Filter>
    </ClInclude>
    <ClInclude Include="C:\Users\12022\Desktop\作业\CSC8503 Code 2024\CSC8508\Event\EventListener.h">
      <Filter>Header Files</Filter>
    </ClInclude>
    <ClInclude Include="C:\Users\12022\Desktop\作业\CSC8503 Code 2024\CSC8508\Event\EventManager.h">
      <Filter>Header Files</Filter>
    </ClInclude>
    <ClInclude Include="C:\Users\12022\Desktop\作业\CSC8503 Code 2024\CSC8508\Event\EventPriority.h">
      <Filter>Header Files</Filter>
    </ClInclude>
  </ItemGroup>
  <ItemGroup>
    <CustomBuild Include="C:\Users\12022\Desktop\作业\CSC8503 Code 2024\CSC8508\Event\CMakeLists.txt" />
  </ItemGroup>
  <ItemGroup>
    <Filter Include="Header Files">
      <UniqueIdentifier>{235ADB55-BDCF-39D5-BBE9-4E7EA4787200}</UniqueIdentifier>
    </Filter>
    <Filter Include="Source Files">
      <UniqueIdentifier>{2DAEB9DE-D6F2-3531-A69C-848DC360EC87}</UniqueIdentifier>
    </Filter>
  </ItemGroup>
</Project>
